
Microsoft Visual Studio Solution File, Format Version 12.00
# Visual Studio Version 17
VisualStudioVersion = 17.0.31903.59
MinimumVisualStudioVersion = 10.0.40219.1
Project("{FAE04EC0-301F-11D3-BF4B-00C04F79EFBC}") = "API", "API\API.csproj", "{07949FCA-11E6-47DB-A0FB-E0325B4B346F}"
EndProject
Project("{FAE04EC0-301F-11D3-BF4B-00C04F79EFBC}") = "Application", "Application\Application.csproj", "{38593E8D-DE7B-4BF4-BF8A-BBE8ED331C00}"
EndProject
Project("{FAE04EC0-301F-11D3-BF4B-00C04F79EFBC}") = "Persistence", "Persistence\Persistence.csproj", "{62E828B5-F7F7-475C-9769-575CC264D826}"
EndProject
Project("{FAE04EC0-301F-11D3-BF4B-00C04F79EFBC}") = "Domain", "Domain\Domain.csproj", "{7BD74471-2EEF-4AAA-AFD1-1E9211E75523}"
EndProject
Global
	GlobalSection(SolutionConfigurationPlatforms) = preSolution
		Debug|Any CPU = Debug|Any CPU
		Release|Any CPU = Release|Any CPU
	EndGlobalSection
	GlobalSection(SolutionProperties) = preSolution
		HideSolutionNode = FALSE
	EndGlobalSection
	GlobalSection(ProjectConfigurationPlatforms) = postSolution
		{07949FCA-11E6-47DB-A0FB-E0325B4B346F}.Debug|Any CPU.ActiveCfg = Debug|Any CPU
		{07949FCA-11E6-47DB-A0FB-E0325B4B346F}.Debug|Any CPU.Build.0 = Debug|Any CPU
		{07949FCA-11E6-47DB-A0FB-E0325B4B346F}.Release|Any CPU.ActiveCfg = Release|Any CPU
		{07949FCA-11E6-47DB-A0FB-E0325B4B346F}.Release|Any CPU.Build.0 = Release|Any CPU
		{38593E8D-DE7B-4BF4-BF8A-BBE8ED331C00}.Debug|Any CPU.ActiveCfg = Debug|Any CPU
		{38593E8D-DE7B-4BF4-BF8A-BBE8ED331C00}.Debug|Any CPU.Build.0 = Debug|Any CPU
		{38593E8D-DE7B-4BF4-BF8A-BBE8ED331C00}.Release|Any CPU.ActiveCfg = Release|Any CPU
		{38593E8D-DE7B-4BF4-BF8A-BBE8ED331C00}.Release|Any CPU.Build.0 = Release|Any CPU
		{62E828B5-F7F7-475C-9769-575CC264D826}.Debug|Any CPU.ActiveCfg = Debug|Any CPU
		{62E828B5-F7F7-475C-9769-575CC264D826}.Debug|Any CPU.Build.0 = Debug|Any CPU
		{62E828B5-F7F7-475C-9769-575CC264D826}.Release|Any CPU.ActiveCfg = Release|Any CPU
		{62E828B5-F7F7-475C-9769-575CC264D826}.Release|Any CPU.Build.0 = Release|Any CPU
		{7BD74471-2EEF-4AAA-AFD1-1E9211E75523}.Debug|Any CPU.ActiveCfg = Debug|Any CPU
		{7BD74471-2EEF-4AAA-AFD1-1E9211E75523}.Debug|Any CPU.Build.0 = Debug|Any CPU
		{7BD74471-2EEF-4AAA-AFD1-1E9211E75523}.Release|Any CPU.ActiveCfg = Release|Any CPU
		{7BD74471-2EEF-4AAA-AFD1-1E9211E75523}.Release|Any CPU.Build.0 = Release|Any CPU
	EndGlobalSection
EndGlobal
